
Microsoft Visual Studio Solution File, Format Version 12.00
# Visual Studio Version 16
VisualStudioVersion = 16.0.30523.141
MinimumVisualStudioVersion = 10.0.40219.1
Project("{FAE04EC0-301F-11D3-BF4B-00C04F79EFBC}") = "Entidades", "Entidades\Entidades.csproj", "{EAA978B9-EBB7-4BD8-B444-922D91155103}"
EndProject
Project("{FAE04EC0-301F-11D3-BF4B-00C04F79EFBC}") = "VistaCosola", "VistaCosola\VistaCosola.csproj", "{F2EA80F0-85A0-4AFF-A770-B907F9E11B3E}"
EndProject
Project("{FAE04EC0-301F-11D3-BF4B-00C04F79EFBC}") = "VistaForm", "VistaForm\VistaForm.csproj", "{2FFE95C8-5153-4A3C-A075-92BAC853F6DC}"
EndProject
Global
	GlobalSection(SolutionConfigurationPlatforms) = preSolution
		Debug|Any CPU = Debug|Any CPU
		Release|Any CPU = Release|Any CPU
	EndGlobalSection
	GlobalSection(ProjectConfigurationPlatforms) = postSolution
		{EAA978B9-EBB7-4BD8-B444-922D91155103}.Debug|Any CPU.ActiveCfg = Debug|Any CPU
		{EAA978B9-EBB7-4BD8-B444-922D91155103}.Debug|Any CPU.Build.0 = Debug|Any CPU
		{EAA978B9-EBB7-4BD8-B444-922D91155103}.Release|Any CPU.ActiveCfg = Release|Any CPU
		{EAA978B9-EBB7-4BD8-B444-922D91155103}.Release|Any CPU.Build.0 = Release|Any CPU
		{F2EA80F0-85A0-4AFF-A770-B907F9E11B3E}.Debug|Any CPU.ActiveCfg = Debug|Any CPU
		{F2EA80F0-85A0-4AFF-A770-B907F9E11B3E}.Debug|Any CPU.Build.0 = Debug|Any CPU
		{F2EA80F0-85A0-4AFF-A770-B907F9E11B3E}.Release|Any CPU.ActiveCfg = Release|Any CPU
		{F2EA80F0-85A0-4AFF-A770-B907F9E11B3E}.Release|Any CPU.Build.0 = Release|Any CPU
		{2FFE95C8-5153-4A3C-A075-92BAC853F6DC}.Debug|Any CPU.ActiveCfg = Debug|Any CPU
		{2FFE95C8-5153-4A3C-A075-92BAC853F6DC}.Debug|Any CPU.Build.0 = Debug|Any CPU
		{2FFE95C8-5153-4A3C-A075-92BAC853F6DC}.Release|Any CPU.ActiveCfg = Release|Any CPU
		{2FFE95C8-5153-4A3C-A075-92BAC853F6DC}.Release|Any CPU.Build.0 = Release|Any CPU
	EndGlobalSection
	GlobalSection(SolutionProperties) = preSolution
		HideSolutionNode = FALSE
	EndGlobalSection
	GlobalSection(ExtensibilityGlobals) = postSolution
		SolutionGuid = {9E2B4A57-1655-48A5-BEF9-008F3ADB153B}
	EndGlobalSection
EndGlobal
