
Microsoft Visual Studio Solution File, Format Version 12.00
# Visual Studio Version 16
VisualStudioVersion = 16.0.30413.136
MinimumVisualStudioVersion = 10.0.40219.1
Project("{FAE04EC0-301F-11D3-BF4B-00C04F79EFBC}") = "Repaso", "Repaso\Repaso.csproj", "{9665B8B7-4EBB-4AB5-A3FC-05E33095069B}"
EndProject
Global
	GlobalSection(SolutionConfigurationPlatforms) = preSolution
		Debug|Any CPU = Debug|Any CPU
		Release|Any CPU = Release|Any CPU
	EndGlobalSection
	GlobalSection(ProjectConfigurationPlatforms) = postSolution
		{9665B8B7-4EBB-4AB5-A3FC-05E33095069B}.Debug|Any CPU.ActiveCfg = Debug|Any CPU
		{9665B8B7-4EBB-4AB5-A3FC-05E33095069B}.Debug|Any CPU.Build.0 = Debug|Any CPU
		{9665B8B7-4EBB-4AB5-A3FC-05E33095069B}.Release|Any CPU.ActiveCfg = Release|Any CPU
		{9665B8B7-4EBB-4AB5-A3FC-05E33095069B}.Release|Any CPU.Build.0 = Release|Any CPU
	EndGlobalSection
	GlobalSection(SolutionProperties) = preSolution
		HideSolutionNode = FALSE
	EndGlobalSection
	GlobalSection(ExtensibilityGlobals) = postSolution
		SolutionGuid = {93BAC096-34A0-48AB-8F7F-FB01049FC981}
	EndGlobalSection
EndGlobal
