
Microsoft Visual Studio Solution File, Format Version 12.00
# Visual Studio Version 16
VisualStudioVersion = 16.0.30523.141
MinimumVisualStudioVersion = 10.0.40219.1
Project("{FAE04EC0-301F-11D3-BF4B-00C04F79EFBC}") = "Entidades", "Entidades\Entidades.csproj", "{2BAAD82D-B581-466D-A8C1-92EACB6C1485}"
EndProject
Project("{FAE04EC0-301F-11D3-BF4B-00C04F79EFBC}") = "CuentaGanadoForm", "CuentaGanadoForm\CuentaGanadoForm.csproj", "{547EF493-9CC3-4756-AA75-59BA94A8F4F4}"
EndProject
Global
	GlobalSection(SolutionConfigurationPlatforms) = preSolution
		Debug|Any CPU = Debug|Any CPU
		Release|Any CPU = Release|Any CPU
	EndGlobalSection
	GlobalSection(ProjectConfigurationPlatforms) = postSolution
		{2BAAD82D-B581-466D-A8C1-92EACB6C1485}.Debug|Any CPU.ActiveCfg = Debug|Any CPU
		{2BAAD82D-B581-466D-A8C1-92EACB6C1485}.Debug|Any CPU.Build.0 = Debug|Any CPU
		{2BAAD82D-B581-466D-A8C1-92EACB6C1485}.Release|Any CPU.ActiveCfg = Release|Any CPU
		{2BAAD82D-B581-466D-A8C1-92EACB6C1485}.Release|Any CPU.Build.0 = Release|Any CPU
		{547EF493-9CC3-4756-AA75-59BA94A8F4F4}.Debug|Any CPU.ActiveCfg = Debug|Any CPU
		{547EF493-9CC3-4756-AA75-59BA94A8F4F4}.Debug|Any CPU.Build.0 = Debug|Any CPU
		{547EF493-9CC3-4756-AA75-59BA94A8F4F4}.Release|Any CPU.ActiveCfg = Release|Any CPU
		{547EF493-9CC3-4756-AA75-59BA94A8F4F4}.Release|Any CPU.Build.0 = Release|Any CPU
	EndGlobalSection
	GlobalSection(SolutionProperties) = preSolution
		HideSolutionNode = FALSE
	EndGlobalSection
	GlobalSection(ExtensibilityGlobals) = postSolution
		SolutionGuid = {A35CE519-520C-40DA-AEF8-485DAD4B5BCA}
	EndGlobalSection
EndGlobal
